{
  "requires": true,
  "lockfileVersion": 1,
  "dependencies": {
    "informed": {
      "version": "3.33.0",
      "resolved": "https://registry.npmjs.org/informed/-/informed-3.33.0.tgz",
      "integrity": "sha512-m2LixnNdZTRb214y3k6YifBuTtsuoPY0vjeZqOULrYgjek7fmKF5oagAbTaCHpAMkLmQsLZ3km6tNdtKysRSPQ=="
    }
  }
}
